// !$*UTF8*$!
{
	archiveVersion = 1;
	classes = {
	};
	objectVersion = 51;
	objects = {

/* Begin PBXBuildFile section */
		69A0C46625E2863400170318 /* AppDelegate.swift in Sources */ = {isa = PBXBuildFile; fileRef = 69A0C46525E2863400170318 /* AppDelegate.swift */; };
		69A0C46825E2863400170318 /* SceneDelegate.swift in Sources */ = {isa = PBXBuildFile; fileRef = 69A0C46725E2863400170318 /* SceneDelegate.swift */; };
		69A0C46D25E2863400170318 /* Main.storyboard in Resources */ = {isa = PBXBuildFile; fileRef = 69A0C46B25E2863400170318 /* Main.storyboard */; };
		69A0C46F25E2863700170318 /* Assets.xcassets in Resources */ = {isa = PBXBuildFile; fileRef = 69A0C46E25E2863700170318 /* Assets.xcassets */; };
		69A0C47225E2863700170318 /* LaunchScreen.storyboard in Resources */ = {isa = PBXBuildFile; fileRef = 69A0C47025E2863700170318 /* LaunchScreen.storyboard */; };
		69A0C47E25E3FCCD00170318 /* ModuleBuilder.swift in Sources */ = {isa = PBXBuildFile; fileRef = 69A0C47D25E3FCCD00170318 /* ModuleBuilder.swift */; };
		69A0C48425E3FD6500170318 /* NetworkService.swift in Sources */ = {isa = PBXBuildFile; fileRef = 69A0C48325E3FD6500170318 /* NetworkService.swift */; };
		69A0C48825E3FD8900170318 /* CachingService.swift in Sources */ = {isa = PBXBuildFile; fileRef = 69A0C48725E3FD8900170318 /* CachingService.swift */; };
		69A0C48C25E3FF0F00170318 /* MainPresenter.swift in Sources */ = {isa = PBXBuildFile; fileRef = 69A0C48B25E3FF0F00170318 /* MainPresenter.swift */; };
		69A0C49325E3FF7400170318 /* MainViewController.swift in Sources */ = {isa = PBXBuildFile; fileRef = 69A0C49225E3FF7400170318 /* MainViewController.swift */; };
		69A0C49925E401A400170318 /* ProductListView.swift in Sources */ = {isa = PBXBuildFile; fileRef = 69A0C49825E401A400170318 /* ProductListView.swift */; };
		69A0C49D25E401FB00170318 /* CategoryPresenter.swift in Sources */ = {isa = PBXBuildFile; fileRef = 69A0C49C25E401FB00170318 /* CategoryPresenter.swift */; };
		69A0C4A125E402C500170318 /* IndicatorView.swift in Sources */ = {isa = PBXBuildFile; fileRef = 69A0C4A025E402C500170318 /* IndicatorView.swift */; };
		69A0C4A525E402E400170318 /* CategoryViewController.swift in Sources */ = {isa = PBXBuildFile; fileRef = 69A0C4A425E402E400170318 /* CategoryViewController.swift */; };
		69A0C4A925E4060E00170318 /* ReviewPresenter.swift in Sources */ = {isa = PBXBuildFile; fileRef = 69A0C4A825E4060E00170318 /* ReviewPresenter.swift */; };
		69A0C4AE25E4062600170318 /* ReviewViewController.swift in Sources */ = {isa = PBXBuildFile; fileRef = 69A0C4AD25E4062600170318 /* ReviewViewController.swift */; };
		69A0C4B325E4066C00170318 /* SearchListViewController.swift in Sources */ = {isa = PBXBuildFile; fileRef = 69A0C4B225E4066C00170318 /* SearchListViewController.swift */; };
		69A0C4B725E4068C00170318 /* SearchTableViewController.swift in Sources */ = {isa = PBXBuildFile; fileRef = 69A0C4B625E4068C00170318 /* SearchTableViewController.swift */; };
		69A0C4BB25E406A800170318 /* SearchPresenter.swift in Sources */ = {isa = PBXBuildFile; fileRef = 69A0C4BA25E406A800170318 /* SearchPresenter.swift */; };
		69A0C4C025E406F700170318 /* SearchViewCell.swift in Sources */ = {isa = PBXBuildFile; fileRef = 69A0C4BF25E406F700170318 /* SearchViewCell.swift */; };
		69A0C4C525E4073E00170318 /* BoughtViewController.swift in Sources */ = {isa = PBXBuildFile; fileRef = 69A0C4C425E4073E00170318 /* BoughtViewController.swift */; };
		69A0C4C925E4074F00170318 /* BoughtPresenter.swift in Sources */ = {isa = PBXBuildFile; fileRef = 69A0C4C825E4074F00170318 /* BoughtPresenter.swift */; };
		69A0C4CE25E407B600170318 /* BoughtViewCell.swift in Sources */ = {isa = PBXBuildFile; fileRef = 69A0C4CD25E407B600170318 /* BoughtViewCell.swift */; };
		69A0C4D325E407E800170318 /* DetailPresenter.swift in Sources */ = {isa = PBXBuildFile; fileRef = 69A0C4D225E407E800170318 /* DetailPresenter.swift */; };
		69A0C4D825E4083600170318 /* DetailViewController.swift in Sources */ = {isa = PBXBuildFile; fileRef = 69A0C4D725E4083600170318 /* DetailViewController.swift */; };
		69A0C4DC25E4085800170318 /* UpdatingButtonView.swift in Sources */ = {isa = PBXBuildFile; fileRef = 69A0C4DB25E4085800170318 /* UpdatingButtonView.swift */; };
		69A0C4EB25EF99BD00170318 /* SessionError.swift in Sources */ = {isa = PBXBuildFile; fileRef = 69A0C4EA25EF99BC00170318 /* SessionError.swift */; };
		69A0C4EE25EF9B4800170318 /* ServerResponse.swift in Sources */ = {isa = PBXBuildFile; fileRef = 69A0C4ED25EF9B4800170318 /* ServerResponse.swift */; };
		69A0C4F125EF9C5A00170318 /* SingleResult.swift in Sources */ = {isa = PBXBuildFile; fileRef = 69A0C4F025EF9C5A00170318 /* SingleResult.swift */; };
		99D28B9FE832592BCEA01951 /* Pods_SpendTrack.framework in Frameworks */ = {isa = PBXBuildFile; fileRef = B3D774D971DDD80E2CAAA4C9 /* Pods_SpendTrack.framework */; };
/* End PBXBuildFile section */

/* Begin PBXFileReference section */
		097B46DE0929B1203DF3C7AF /* Pods-SpendTrack.release.xcconfig */ = {isa = PBXFileReference; includeInIndex = 1; lastKnownFileType = text.xcconfig; name = "Pods-SpendTrack.release.xcconfig"; path = "Target Support Files/Pods-SpendTrack/Pods-SpendTrack.release.xcconfig"; sourceTree = "<group>"; };
		69A0C46225E2863400170318 /* SpendTrack.app */ = {isa = PBXFileReference; explicitFileType = wrapper.application; includeInIndex = 0; path = SpendTrack.app; sourceTree = BUILT_PRODUCTS_DIR; };
		69A0C46525E2863400170318 /* AppDelegate.swift */ = {isa = PBXFileReference; lastKnownFileType = sourcecode.swift; path = AppDelegate.swift; sourceTree = "<group>"; };
		69A0C46725E2863400170318 /* SceneDelegate.swift */ = {isa = PBXFileReference; lastKnownFileType = sourcecode.swift; path = SceneDelegate.swift; sourceTree = "<group>"; };
		69A0C46C25E2863400170318 /* Base */ = {isa = PBXFileReference; lastKnownFileType = file.storyboard; name = Base; path = Base.lproj/Main.storyboard; sourceTree = "<group>"; };
		69A0C46E25E2863700170318 /* Assets.xcassets */ = {isa = PBXFileReference; lastKnownFileType = folder.assetcatalog; path = Assets.xcassets; sourceTree = "<group>"; };
		69A0C47125E2863700170318 /* Base */ = {isa = PBXFileReference; lastKnownFileType = file.storyboard; name = Base; path = Base.lproj/LaunchScreen.storyboard; sourceTree = "<group>"; };
		69A0C47325E2863700170318 /* Info.plist */ = {isa = PBXFileReference; lastKnownFileType = text.plist.xml; path = Info.plist; sourceTree = "<group>"; };
		69A0C47D25E3FCCD00170318 /* ModuleBuilder.swift */ = {isa = PBXFileReference; lastKnownFileType = sourcecode.swift; path = ModuleBuilder.swift; sourceTree = "<group>"; };
		69A0C48325E3FD6500170318 /* NetworkService.swift */ = {isa = PBXFileReference; lastKnownFileType = sourcecode.swift; path = NetworkService.swift; sourceTree = "<group>"; };
		69A0C48725E3FD8900170318 /* CachingService.swift */ = {isa = PBXFileReference; lastKnownFileType = sourcecode.swift; path = CachingService.swift; sourceTree = "<group>"; };
		69A0C48B25E3FF0F00170318 /* MainPresenter.swift */ = {isa = PBXFileReference; lastKnownFileType = sourcecode.swift; path = MainPresenter.swift; sourceTree = "<group>"; };
		69A0C49225E3FF7400170318 /* MainViewController.swift */ = {isa = PBXFileReference; lastKnownFileType = sourcecode.swift; path = MainViewController.swift; sourceTree = "<group>"; };
		69A0C49825E401A400170318 /* ProductListView.swift */ = {isa = PBXFileReference; lastKnownFileType = sourcecode.swift; path = ProductListView.swift; sourceTree = "<group>"; };
		69A0C49C25E401FB00170318 /* CategoryPresenter.swift */ = {isa = PBXFileReference; lastKnownFileType = sourcecode.swift; path = CategoryPresenter.swift; sourceTree = "<group>"; };
		69A0C4A025E402C500170318 /* IndicatorView.swift */ = {isa = PBXFileReference; lastKnownFileType = sourcecode.swift; path = IndicatorView.swift; sourceTree = "<group>"; };
		69A0C4A425E402E400170318 /* CategoryViewController.swift */ = {isa = PBXFileReference; lastKnownFileType = sourcecode.swift; path = CategoryViewController.swift; sourceTree = "<group>"; };
		69A0C4A825E4060E00170318 /* ReviewPresenter.swift */ = {isa = PBXFileReference; lastKnownFileType = sourcecode.swift; path = ReviewPresenter.swift; sourceTree = "<group>"; };
		69A0C4AD25E4062600170318 /* ReviewViewController.swift */ = {isa = PBXFileReference; lastKnownFileType = sourcecode.swift; path = ReviewViewController.swift; sourceTree = "<group>"; };
		69A0C4B225E4066C00170318 /* SearchListViewController.swift */ = {isa = PBXFileReference; lastKnownFileType = sourcecode.swift; path = SearchListViewController.swift; sourceTree = "<group>"; };
		69A0C4B625E4068C00170318 /* SearchTableViewController.swift */ = {isa = PBXFileReference; lastKnownFileType = sourcecode.swift; path = SearchTableViewController.swift; sourceTree = "<group>"; };
		69A0C4BA25E406A800170318 /* SearchPresenter.swift */ = {isa = PBXFileReference; lastKnownFileType = sourcecode.swift; path = SearchPresenter.swift; sourceTree = "<group>"; };
		69A0C4BF25E406F700170318 /* SearchViewCell.swift */ = {isa = PBXFileReference; lastKnownFileType = sourcecode.swift; path = SearchViewCell.swift; sourceTree = "<group>"; };
		69A0C4C425E4073E00170318 /* BoughtViewController.swift */ = {isa = PBXFileReference; lastKnownFileType = sourcecode.swift; path = BoughtViewController.swift; sourceTree = "<group>"; };
		69A0C4C825E4074F00170318 /* BoughtPresenter.swift */ = {isa = PBXFileReference; lastKnownFileType = sourcecode.swift; path = BoughtPresenter.swift; sourceTree = "<group>"; };
		69A0C4CD25E407B600170318 /* BoughtViewCell.swift */ = {isa = PBXFileReference; lastKnownFileType = sourcecode.swift; path = BoughtViewCell.swift; sourceTree = "<group>"; };
		69A0C4D225E407E800170318 /* DetailPresenter.swift */ = {isa = PBXFileReference; lastKnownFileType = sourcecode.swift; path = DetailPresenter.swift; sourceTree = "<group>"; };
		69A0C4D725E4083600170318 /* DetailViewController.swift */ = {isa = PBXFileReference; lastKnownFileType = sourcecode.swift; path = DetailViewController.swift; sourceTree = "<group>"; };
		69A0C4DB25E4085800170318 /* UpdatingButtonView.swift */ = {isa = PBXFileReference; lastKnownFileType = sourcecode.swift; path = UpdatingButtonView.swift; sourceTree = "<group>"; };
		69A0C4EA25EF99BC00170318 /* SessionError.swift */ = {isa = PBXFileReference; lastKnownFileType = sourcecode.swift; path = SessionError.swift; sourceTree = "<group>"; };
		69A0C4ED25EF9B4800170318 /* ServerResponse.swift */ = {isa = PBXFileReference; lastKnownFileType = sourcecode.swift; path = ServerResponse.swift; sourceTree = "<group>"; };
		69A0C4F025EF9C5A00170318 /* SingleResult.swift */ = {isa = PBXFileReference; lastKnownFileType = sourcecode.swift; path = SingleResult.swift; sourceTree = "<group>"; };
		7495372F2FD1EA8A7F108395 /* Pods-SpendTrack.debug.xcconfig */ = {isa = PBXFileReference; includeInIndex = 1; lastKnownFileType = text.xcconfig; name = "Pods-SpendTrack.debug.xcconfig"; path = "Target Support Files/Pods-SpendTrack/Pods-SpendTrack.debug.xcconfig"; sourceTree = "<group>"; };
		B3D774D971DDD80E2CAAA4C9 /* Pods_SpendTrack.framework */ = {isa = PBXFileReference; explicitFileType = wrapper.framework; includeInIndex = 0; path = Pods_SpendTrack.framework; sourceTree = BUILT_PRODUCTS_DIR; };
/* End PBXFileReference section */

/* Begin PBXFrameworksBuildPhase section */
		69A0C45F25E2863400170318 /* Frameworks */ = {
			isa = PBXFrameworksBuildPhase;
			buildActionMask = 2147483647;
			files = (
				99D28B9FE832592BCEA01951 /* Pods_SpendTrack.framework in Frameworks */,
			);
			runOnlyForDeploymentPostprocessing = 0;
		};
/* End PBXFrameworksBuildPhase section */

/* Begin PBXGroup section */
		23AADCDAB11606C9746418FF /* Pods */ = {
			isa = PBXGroup;
			children = (
				7495372F2FD1EA8A7F108395 /* Pods-SpendTrack.debug.xcconfig */,
				097B46DE0929B1203DF3C7AF /* Pods-SpendTrack.release.xcconfig */,
			);
			path = Pods;
			sourceTree = "<group>";
		};
		69A0C45925E2863400170318 = {
			isa = PBXGroup;
			children = (
				69A0C46425E2863400170318 /* SpendTrack */,
				69A0C46325E2863400170318 /* Products */,
				23AADCDAB11606C9746418FF /* Pods */,
				B06C2B6EE084C94C09231268 /* Frameworks */,
			);
			sourceTree = "<group>";
		};
		69A0C46325E2863400170318 /* Products */ = {
			isa = PBXGroup;
			children = (
				69A0C46225E2863400170318 /* SpendTrack.app */,
			);
			name = Products;
			sourceTree = "<group>";
		};
		69A0C46425E2863400170318 /* SpendTrack */ = {
			isa = PBXGroup;
			children = (
				69A0C4E925EF99A200170318 /* Model */,
				69A0C47D25E3FCCD00170318 /* ModuleBuilder.swift */,
				69A0C48225E3FD1500170318 /* ServiceLayer */,
				69A0C47C25E3FC8F00170318 /* Delegates */,
				69A0C48A25E3FE6500170318 /* MainModule */,
				69A0C4B125E4063B00170318 /* SearchModule */,
				69A0C4D125E407CB00170318 /* DetailModule */,
				69A0C46E25E2863700170318 /* Assets.xcassets */,
				69A0C49B25E401BB00170318 /* CategoryModule */,
				69A0C47025E2863700170318 /* LaunchScreen.storyboard */,
				69A0C46B25E2863400170318 /* Main.storyboard */,
				69A0C47325E2863700170318 /* Info.plist */,
				69A0C4DE25E40BE000170318 /* Coming soon... */,
			);
			path = SpendTrack;
			sourceTree = "<group>";
		};
		69A0C47C25E3FC8F00170318 /* Delegates */ = {
			isa = PBXGroup;
			children = (
				69A0C46525E2863400170318 /* AppDelegate.swift */,
				69A0C46725E2863400170318 /* SceneDelegate.swift */,
			);
			path = Delegates;
			sourceTree = "<group>";
		};
		69A0C48225E3FD1500170318 /* ServiceLayer */ = {
			isa = PBXGroup;
			children = (
				69A0C48325E3FD6500170318 /* NetworkService.swift */,
				69A0C48725E3FD8900170318 /* CachingService.swift */,
			);
			path = ServiceLayer;
			sourceTree = "<group>";
		};
		69A0C48A25E3FE6500170318 /* MainModule */ = {
			isa = PBXGroup;
			children = (
				69A0C48F25E3FF2A00170318 /* View */,
				69A0C48B25E3FF0F00170318 /* MainPresenter.swift */,
			);
			path = MainModule;
			sourceTree = "<group>";
		};
		69A0C48F25E3FF2A00170318 /* View */ = {
			isa = PBXGroup;
			children = (
				69A0C49225E3FF7400170318 /* MainViewController.swift */,
				69A0C49825E401A400170318 /* ProductListView.swift */,
			);
			path = View;
			sourceTree = "<group>";
		};
		69A0C49B25E401BB00170318 /* CategoryModule */ = {
			isa = PBXGroup;
			children = (
				69A0C49F25E4021100170318 /* View */,
				69A0C49C25E401FB00170318 /* CategoryPresenter.swift */,
			);
			path = CategoryModule;
			sourceTree = "<group>";
		};
		69A0C49F25E4021100170318 /* View */ = {
			isa = PBXGroup;
			children = (
				69A0C4A025E402C500170318 /* IndicatorView.swift */,
				69A0C4A425E402E400170318 /* CategoryViewController.swift */,
			);
			path = View;
			sourceTree = "<group>";
		};
		69A0C4A725E402FC00170318 /* ReviewModule */ = {
			isa = PBXGroup;
			children = (
				69A0C4AC25E4061400170318 /* View */,
				69A0C4A825E4060E00170318 /* ReviewPresenter.swift */,
			);
			path = ReviewModule;
			sourceTree = "<group>";
		};
		69A0C4AC25E4061400170318 /* View */ = {
			isa = PBXGroup;
			children = (
				69A0C4AD25E4062600170318 /* ReviewViewController.swift */,
			);
			path = View;
			sourceTree = "<group>";
		};
		69A0C4B125E4063B00170318 /* SearchModule */ = {
			isa = PBXGroup;
			children = (
				69A0C4BE25E406D200170318 /* Model */,
				69A0C4B925E4069100170318 /* View */,
				69A0C4BA25E406A800170318 /* SearchPresenter.swift */,
			);
			path = SearchModule;
			sourceTree = "<group>";
		};
		69A0C4B925E4069100170318 /* View */ = {
			isa = PBXGroup;
			children = (
				69A0C4B625E4068C00170318 /* SearchTableViewController.swift */,
				69A0C4B225E4066C00170318 /* SearchListViewController.swift */,
			);
			path = View;
			sourceTree = "<group>";
		};
		69A0C4BE25E406D200170318 /* Model */ = {
			isa = PBXGroup;
			children = (
				69A0C4BF25E406F700170318 /* SearchViewCell.swift */,
			);
			path = Model;
			sourceTree = "<group>";
		};
		69A0C4C325E4071100170318 /* BoughtModule */ = {
			isa = PBXGroup;
			children = (
				69A0C4CC25E4076F00170318 /* Model */,
				69A0C4CB25E4076000170318 /* View */,
				69A0C4C825E4074F00170318 /* BoughtPresenter.swift */,
			);
			path = BoughtModule;
			sourceTree = "<group>";
		};
		69A0C4CB25E4076000170318 /* View */ = {
			isa = PBXGroup;
			children = (
				69A0C4C425E4073E00170318 /* BoughtViewController.swift */,
			);
			path = View;
			sourceTree = "<group>";
		};
		69A0C4CC25E4076F00170318 /* Model */ = {
			isa = PBXGroup;
			children = (
				69A0C4CD25E407B600170318 /* BoughtViewCell.swift */,
			);
			path = Model;
			sourceTree = "<group>";
		};
		69A0C4D125E407CB00170318 /* DetailModule */ = {
			isa = PBXGroup;
			children = (
				69A0C4D625E4081800170318 /* View */,
				69A0C4D225E407E800170318 /* DetailPresenter.swift */,
			);
			path = DetailModule;
			sourceTree = "<group>";
		};
		69A0C4D625E4081800170318 /* View */ = {
			isa = PBXGroup;
			children = (
				69A0C4D725E4083600170318 /* DetailViewController.swift */,
				69A0C4DB25E4085800170318 /* UpdatingButtonView.swift */,
			);
			path = View;
			sourceTree = "<group>";
		};
		69A0C4DE25E40BE000170318 /* Coming soon... */ = {
			isa = PBXGroup;
			children = (
				69A0C4A725E402FC00170318 /* ReviewModule */,
				69A0C4C325E4071100170318 /* BoughtModule */,
			);
			path = "Coming soon...";
			sourceTree = "<group>";
		};
		69A0C4E925EF99A200170318 /* Model */ = {
			isa = PBXGroup;
			children = (
				69A0C4EA25EF99BC00170318 /* SessionError.swift */,
				69A0C4ED25EF9B4800170318 /* ServerResponse.swift */,
				69A0C4F025EF9C5A00170318 /* SingleResult.swift */,
			);
			path = Model;
			sourceTree = "<group>";
		};
		B06C2B6EE084C94C09231268 /* Frameworks */ = {
			isa = PBXGroup;
			children = (
				B3D774D971DDD80E2CAAA4C9 /* Pods_SpendTrack.framework */,
			);
			name = Frameworks;
			sourceTree = "<group>";
		};
/* End PBXGroup section */

/* Begin PBXNativeTarget section */
		69A0C46125E2863400170318 /* SpendTrack */ = {
			isa = PBXNativeTarget;
			buildConfigurationList = 69A0C47625E2863700170318 /* Build configuration list for PBXNativeTarget "SpendTrack" */;
			buildPhases = (
				75DD4C67A9FA53A3DBD6447D /* [CP] Check Pods Manifest.lock */,
				69A0C45E25E2863400170318 /* Sources */,
				69A0C45F25E2863400170318 /* Frameworks */,
				69A0C46025E2863400170318 /* Resources */,
				41E6B81E36DF23D8718574A8 /* [CP] Embed Pods Frameworks */,
			);
			buildRules = (
			);
			dependencies = (
			);
			name = SpendTrack;
			productName = SpendTrack;
			productReference = 69A0C46225E2863400170318 /* SpendTrack.app */;
			productType = "com.apple.product-type.application";
		};
/* End PBXNativeTarget section */

/* Begin PBXProject section */
		69A0C45A25E2863400170318 /* Project object */ = {
			isa = PBXProject;
			attributes = {
				LastSwiftUpdateCheck = 1230;
				LastUpgradeCheck = 1230;
				TargetAttributes = {
					69A0C46125E2863400170318 = {
						CreatedOnToolsVersion = 12.3;
					};
				};
			};
			buildConfigurationList = 69A0C45D25E2863400170318 /* Build configuration list for PBXProject "SpendTrack" */;
			compatibilityVersion = "Xcode 9.3";
			developmentRegion = en;
			hasScannedForEncodings = 0;
			knownRegions = (
				en,
				Base,
			);
			mainGroup = 69A0C45925E2863400170318;
			productRefGroup = 69A0C46325E2863400170318 /* Products */;
			projectDirPath = "";
			projectRoot = "";
			targets = (
				69A0C46125E2863400170318 /* SpendTrack */,
			);
		};
/* End PBXProject section */

/* Begin PBXResourcesBuildPhase section */
		69A0C46025E2863400170318 /* Resources */ = {
			isa = PBXResourcesBuildPhase;
			buildActionMask = 2147483647;
			files = (
				69A0C47225E2863700170318 /* LaunchScreen.storyboard in Resources */,
				69A0C46F25E2863700170318 /* Assets.xcassets in Resources */,
				69A0C46D25E2863400170318 /* Main.storyboard in Resources */,
			);
			runOnlyForDeploymentPostprocessing = 0;
		};
/* End PBXResourcesBuildPhase section */

/* Begin PBXShellScriptBuildPhase section */
		41E6B81E36DF23D8718574A8 /* [CP] Embed Pods Frameworks */ = {
			isa = PBXShellScriptBuildPhase;
			buildActionMask = 2147483647;
			files = (
			);
			inputFileListPaths = (
				"${PODS_ROOT}/Target Support Files/Pods-SpendTrack/Pods-SpendTrack-frameworks-${CONFIGURATION}-input-files.xcfilelist",
			);
			name = "[CP] Embed Pods Frameworks";
			outputFileListPaths = (
				"${PODS_ROOT}/Target Support Files/Pods-SpendTrack/Pods-SpendTrack-frameworks-${CONFIGURATION}-output-files.xcfilelist",
			);
			runOnlyForDeploymentPostprocessing = 0;
			shellPath = /bin/sh;
			shellScript = "\"${PODS_ROOT}/Target Support Files/Pods-SpendTrack/Pods-SpendTrack-frameworks.sh\"\n";
			showEnvVarsInLog = 0;
		};
		75DD4C67A9FA53A3DBD6447D /* [CP] Check Pods Manifest.lock */ = {
			isa = PBXShellScriptBuildPhase;
			buildActionMask = 2147483647;
			files = (
			);
			inputFileListPaths = (
			);
			inputPaths = (
				"${PODS_PODFILE_DIR_PATH}/Podfile.lock",
				"${PODS_ROOT}/Manifest.lock",
			);
			name = "[CP] Check Pods Manifest.lock";
			outputFileListPaths = (
			);
			outputPaths = (
				"$(DERIVED_FILE_DIR)/Pods-SpendTrack-checkManifestLockResult.txt",
			);
			runOnlyForDeploymentPostprocessing = 0;
			shellPath = /bin/sh;
			shellScript = "diff \"${PODS_PODFILE_DIR_PATH}/Podfile.lock\" \"${PODS_ROOT}/Manifest.lock\" > /dev/null\nif [ $? != 0 ] ; then\n    # print error to STDERR\n    echo \"error: The sandbox is not in sync with the Podfile.lock. Run 'pod install' or update your CocoaPods installation.\" >&2\n    exit 1\nfi\n# This output is used by Xcode 'outputs' to avoid re-running this script phase.\necho \"SUCCESS\" > \"${SCRIPT_OUTPUT_FILE_0}\"\n";
			showEnvVarsInLog = 0;
		};
/* End PBXShellScriptBuildPhase section */

/* Begin PBXSourcesBuildPhase section */
		69A0C45E25E2863400170318 /* Sources */ = {
			isa = PBXSourcesBuildPhase;
			buildActionMask = 2147483647;
			files = (
				69A0C49325E3FF7400170318 /* MainViewController.swift in Sources */,
				69A0C4C925E4074F00170318 /* BoughtPresenter.swift in Sources */,
				69A0C4D825E4083600170318 /* DetailViewController.swift in Sources */,
				69A0C48425E3FD6500170318 /* NetworkService.swift in Sources */,
				69A0C4AE25E4062600170318 /* ReviewViewController.swift in Sources */,
				69A0C46625E2863400170318 /* AppDelegate.swift in Sources */,
				69A0C48825E3FD8900170318 /* CachingService.swift in Sources */,
				69A0C4C525E4073E00170318 /* BoughtViewController.swift in Sources */,
				69A0C4A525E402E400170318 /* CategoryViewController.swift in Sources */,
				69A0C4EE25EF9B4800170318 /* ServerResponse.swift in Sources */,
				69A0C4A125E402C500170318 /* IndicatorView.swift in Sources */,
				69A0C4B725E4068C00170318 /* SearchTableViewController.swift in Sources */,
				69A0C4F125EF9C5A00170318 /* SingleResult.swift in Sources */,
				69A0C4EB25EF99BD00170318 /* SessionError.swift in Sources */,
				69A0C4B325E4066C00170318 /* SearchListViewController.swift in Sources */,
				69A0C46825E2863400170318 /* SceneDelegate.swift in Sources */,
				69A0C48C25E3FF0F00170318 /* MainPresenter.swift in Sources */,
				69A0C4DC25E4085800170318 /* UpdatingButtonView.swift in Sources */,
				69A0C49D25E401FB00170318 /* CategoryPresenter.swift in Sources */,
				69A0C4CE25E407B600170318 /* BoughtViewCell.swift in Sources */,
				69A0C4D325E407E800170318 /* DetailPresenter.swift in Sources */,
				69A0C4C025E406F700170318 /* SearchViewCell.swift in Sources */,
				69A0C49925E401A400170318 /* ProductListView.swift in Sources */,
				69A0C4A925E4060E00170318 /* ReviewPresenter.swift in Sources */,
				69A0C4BB25E406A800170318 /* SearchPresenter.swift in Sources */,
				69A0C47E25E3FCCD00170318 /* ModuleBuilder.swift in Sources */,
			);
			runOnlyForDeploymentPostprocessing = 0;
		};
/* End PBXSourcesBuildPhase section */

/* Begin PBXVariantGroup section */
		69A0C46B25E2863400170318 /* Main.storyboard */ = {
			isa = PBXVariantGroup;
			children = (
				69A0C46C25E2863400170318 /* Base */,
			);
			name = Main.storyboard;
			sourceTree = "<group>";
		};
		69A0C47025E2863700170318 /* LaunchScreen.storyboard */ = {
			isa = PBXVariantGroup;
			children = (
				69A0C47125E2863700170318 /* Base */,
			);
			name = LaunchScreen.storyboard;
			sourceTree = "<group>";
		};
/* End PBXVariantGroup section */

/* Begin XCBuildConfiguration section */
		69A0C47425E2863700170318 /* Debug */ = {
			isa = XCBuildConfiguration;
			buildSettings = {
				ALWAYS_SEARCH_USER_PATHS = NO;
				CLANG_ANALYZER_NONNULL = YES;
				CLANG_ANALYZER_NUMBER_OBJECT_CONVERSION = YES_AGGRESSIVE;
				CLANG_CXX_LANGUAGE_STANDARD = "gnu++14";
				CLANG_CXX_LIBRARY = "libc++";
				CLANG_ENABLE_MODULES = YES;
				CLANG_ENABLE_OBJC_ARC = YES;
				CLANG_ENABLE_OBJC_WEAK = YES;
				CLANG_WARN_BLOCK_CAPTURE_AUTORELEASING = YES;
				CLANG_WARN_BOOL_CONVERSION = YES;
				CLANG_WARN_COMMA = YES;
				CLANG_WARN_CONSTANT_CONVERSION = YES;
				CLANG_WARN_DEPRECATED_OBJC_IMPLEMENTATIONS = YES;
				CLANG_WARN_DIRECT_OBJC_ISA_USAGE = YES_ERROR;
				CLANG_WARN_DOCUMENTATION_COMMENTS = YES;
				CLANG_WARN_EMPTY_BODY = YES;
				CLANG_WARN_ENUM_CONVERSION = YES;
				CLANG_WARN_INFINITE_RECURSION = YES;
				CLANG_WARN_INT_CONVERSION = YES;
				CLANG_WARN_NON_LITERAL_NULL_CONVERSION = YES;
				CLANG_WARN_OBJC_IMPLICIT_RETAIN_SELF = YES;
				CLANG_WARN_OBJC_LITERAL_CONVERSION = YES;
				CLANG_WARN_OBJC_ROOT_CLASS = YES_ERROR;
				CLANG_WARN_QUOTED_INCLUDE_IN_FRAMEWORK_HEADER = YES;
				CLANG_WARN_RANGE_LOOP_ANALYSIS = YES;
				CLANG_WARN_STRICT_PROTOTYPES = YES;
				CLANG_WARN_SUSPICIOUS_MOVE = YES;
				CLANG_WARN_UNGUARDED_AVAILABILITY = YES_AGGRESSIVE;
				CLANG_WARN_UNREACHABLE_CODE = YES;
				CLANG_WARN__DUPLICATE_METHOD_MATCH = YES;
				COPY_PHASE_STRIP = NO;
				DEBUG_INFORMATION_FORMAT = dwarf;
				ENABLE_STRICT_OBJC_MSGSEND = YES;
				ENABLE_TESTABILITY = YES;
				GCC_C_LANGUAGE_STANDARD = gnu11;
				GCC_DYNAMIC_NO_PIC = NO;
				GCC_NO_COMMON_BLOCKS = YES;
				GCC_OPTIMIZATION_LEVEL = 0;
				GCC_PREPROCESSOR_DEFINITIONS = (
					"DEBUG=1",
					"$(inherited)",
				);
				GCC_WARN_64_TO_32_BIT_CONVERSION = YES;
				GCC_WARN_ABOUT_RETURN_TYPE = YES_ERROR;
				GCC_WARN_UNDECLARED_SELECTOR = YES;
				GCC_WARN_UNINITIALIZED_AUTOS = YES_AGGRESSIVE;
				GCC_WARN_UNUSED_FUNCTION = YES;
				GCC_WARN_UNUSED_VARIABLE = YES;
				IPHONEOS_DEPLOYMENT_TARGET = 14.3;
				MTL_ENABLE_DEBUG_INFO = INCLUDE_SOURCE;
				MTL_FAST_MATH = YES;
				ONLY_ACTIVE_ARCH = YES;
				SDKROOT = iphoneos;
				SWIFT_ACTIVE_COMPILATION_CONDITIONS = DEBUG;
				SWIFT_OPTIMIZATION_LEVEL = "-Onone";
			};
			name = Debug;
		};
		69A0C47525E2863700170318 /* Release */ = {
			isa = XCBuildConfiguration;
			buildSettings = {
				ALWAYS_SEARCH_USER_PATHS = NO;
				CLANG_ANALYZER_NONNULL = YES;
				CLANG_ANALYZER_NUMBER_OBJECT_CONVERSION = YES_AGGRESSIVE;
				CLANG_CXX_LANGUAGE_STANDARD = "gnu++14";
				CLANG_CXX_LIBRARY = "libc++";
				CLANG_ENABLE_MODULES = YES;
				CLANG_ENABLE_OBJC_ARC = YES;
				CLANG_ENABLE_OBJC_WEAK = YES;
				CLANG_WARN_BLOCK_CAPTURE_AUTORELEASING = YES;
				CLANG_WARN_BOOL_CONVERSION = YES;
				CLANG_WARN_COMMA = YES;
				CLANG_WARN_CONSTANT_CONVERSION = YES;
				CLANG_WARN_DEPRECATED_OBJC_IMPLEMENTATIONS = YES;
				CLANG_WARN_DIRECT_OBJC_ISA_USAGE = YES_ERROR;
				CLANG_WARN_DOCUMENTATION_COMMENTS = YES;
				CLANG_WARN_EMPTY_BODY = YES;
				CLANG_WARN_ENUM_CONVERSION = YES;
				CLANG_WARN_INFINITE_RECURSION = YES;
				CLANG_WARN_INT_CONVERSION = YES;
				CLANG_WARN_NON_LITERAL_NULL_CONVERSION = YES;
				CLANG_WARN_OBJC_IMPLICIT_RETAIN_SELF = YES;
				CLANG_WARN_OBJC_LITERAL_CONVERSION = YES;
				CLANG_WARN_OBJC_ROOT_CLASS = YES_ERROR;
				CLANG_WARN_QUOTED_INCLUDE_IN_FRAMEWORK_HEADER = YES;
				CLANG_WARN_RANGE_LOOP_ANALYSIS = YES;
				CLANG_WARN_STRICT_PROTOTYPES = YES;
				CLANG_WARN_SUSPICIOUS_MOVE = YES;
				CLANG_WARN_UNGUARDED_AVAILABILITY = YES_AGGRESSIVE;
				CLANG_WARN_UNREACHABLE_CODE = YES;
				CLANG_WARN__DUPLICATE_METHOD_MATCH = YES;
				COPY_PHASE_STRIP = NO;
				DEBUG_INFORMATION_FORMAT = "dwarf-with-dsym";
				ENABLE_NS_ASSERTIONS = NO;
				ENABLE_STRICT_OBJC_MSGSEND = YES;
				GCC_C_LANGUAGE_STANDARD = gnu11;
				GCC_NO_COMMON_BLOCKS = YES;
				GCC_WARN_64_TO_32_BIT_CONVERSION = YES;
				GCC_WARN_ABOUT_RETURN_TYPE = YES_ERROR;
				GCC_WARN_UNDECLARED_SELECTOR = YES;
				GCC_WARN_UNINITIALIZED_AUTOS = YES_AGGRESSIVE;
				GCC_WARN_UNUSED_FUNCTION = YES;
				GCC_WARN_UNUSED_VARIABLE = YES;
				IPHONEOS_DEPLOYMENT_TARGET = 14.3;
				MTL_ENABLE_DEBUG_INFO = NO;
				MTL_FAST_MATH = YES;
				SDKROOT = iphoneos;
				SWIFT_COMPILATION_MODE = wholemodule;
				SWIFT_OPTIMIZATION_LEVEL = "-O";
				VALIDATE_PRODUCT = YES;
			};
			name = Release;
		};
		69A0C47725E2863700170318 /* Debug */ = {
			isa = XCBuildConfiguration;
			baseConfigurationReference = 7495372F2FD1EA8A7F108395 /* Pods-SpendTrack.debug.xcconfig */;
			buildSettings = {
				ASSETCATALOG_COMPILER_APPICON_NAME = AppIcon;
				ASSETCATALOG_COMPILER_GLOBAL_ACCENT_COLOR_NAME = AccentColor;
				CODE_SIGN_STYLE = Automatic;
				DEVELOPMENT_TEAM = 9U7X5634U9;
				INFOPLIST_FILE = SpendTrack/Info.plist;
				LD_RUNPATH_SEARCH_PATHS = (
					"$(inherited)",
					"@executable_path/Frameworks",
				);
				PRODUCT_BUNDLE_IDENTIFIER = strangeGuy.SpendTrack;
				PRODUCT_NAME = "$(TARGET_NAME)";
				SWIFT_VERSION = 5.0;
				TARGETED_DEVICE_FAMILY = "1,2";
			};
			name = Debug;
		};
		69A0C47825E2863700170318 /* Release */ = {
			isa = XCBuildConfiguration;
			baseConfigurationReference = 097B46DE0929B1203DF3C7AF /* Pods-SpendTrack.release.xcconfig */;
			buildSettings = {
				ASSETCATALOG_COMPILER_APPICON_NAME = AppIcon;
				ASSETCATALOG_COMPILER_GLOBAL_ACCENT_COLOR_NAME = AccentColor;
				CODE_SIGN_STYLE = Automatic;
				DEVELOPMENT_TEAM = 9U7X5634U9;
				INFOPLIST_FILE = SpendTrack/Info.plist;
				LD_RUNPATH_SEARCH_PATHS = (
					"$(inherited)",
					"@executable_path/Frameworks",
				);
				PRODUCT_BUNDLE_IDENTIFIER = strangeGuy.SpendTrack;
				PRODUCT_NAME = "$(TARGET_NAME)";
				SWIFT_VERSION = 5.0;
				TARGETED_DEVICE_FAMILY = "1,2";
			};
			name = Release;
		};
/* End XCBuildConfiguration section */

/* Begin XCConfigurationList section */
		69A0C45D25E2863400170318 /* Build configuration list for PBXProject "SpendTrack" */ = {
			isa = XCConfigurationList;
			buildConfigurations = (
				69A0C47425E2863700170318 /* Debug */,
				69A0C47525E2863700170318 /* Release */,
			);
			defaultConfigurationIsVisible = 0;
			defaultConfigurationName = Release;
		};
		69A0C47625E2863700170318 /* Build configuration list for PBXNativeTarget "SpendTrack" */ = {
			isa = XCConfigurationList;
			buildConfigurations = (
				69A0C47725E2863700170318 /* Debug */,
				69A0C47825E2863700170318 /* Release */,
			);
			defaultConfigurationIsVisible = 0;
			defaultConfigurationName = Release;
		};
/* End XCConfigurationList section */
	};
	rootObject = 69A0C45A25E2863400170318 /* Project object */;
}
